// !$*UTF8*$!
{
	archiveVersion = 1;
	classes = {
	};
	objectVersion = 56;
	objects = {

/* Begin PBXBuildFile section */
		C02985762C24EDCC0067EB21 /* ApiClient.swift in Sources */ = {isa = PBXBuildFile; fileRef = C02985722C24EDCC0067EB21 /* ApiClient.swift */; };
		C02985772C24EDCC0067EB21 /* Endpoint.swift in Sources */ = {isa = PBXBuildFile; fileRef = C02985732C24EDCC0067EB21 /* Endpoint.swift */; };
		C02985782C24EDCC0067EB21 /* Endpoints.swift in Sources */ = {isa = PBXBuildFile; fileRef = C02985742C24EDCC0067EB21 /* Endpoints.swift */; };
		C02985872C24EDDC0067EB21 /* SearchResultCoordinator.swift in Sources */ = {isa = PBXBuildFile; fileRef = C02985792C24EDDC0067EB21 /* SearchResultCoordinator.swift */; };
		C02985882C24EDDC0067EB21 /* ProductQueryRequest.swift in Sources */ = {isa = PBXBuildFile; fileRef = C029857B2C24EDDC0067EB21 /* ProductQueryRequest.swift */; };
		C02985892C24EDDC0067EB21 /* ProductResponse.swift in Sources */ = {isa = PBXBuildFile; fileRef = C029857C2C24EDDC0067EB21 /* ProductResponse.swift */; };
		C029858A2C24EDDC0067EB21 /* SearchService.swift in Sources */ = {isa = PBXBuildFile; fileRef = C029857E2C24EDDC0067EB21 /* SearchService.swift */; };
		C029858B2C24EDDC0067EB21 /* SearchResultController.swift in Sources */ = {isa = PBXBuildFile; fileRef = C02985802C24EDDC0067EB21 /* SearchResultController.swift */; };
		C029858C2C24EDDC0067EB21 /* SearchResultView.swift in Sources */ = {isa = PBXBuildFile; fileRef = C02985812C24EDDC0067EB21 /* SearchResultView.swift */; };
		C029858D2C24EDDC0067EB21 /* SearchResultViewCell.swift in Sources */ = {isa = PBXBuildFile; fileRef = C02985822C24EDDC0067EB21 /* SearchResultViewCell.swift */; };
		C029858E2C24EDDC0067EB21 /* SearchResultViewModel.swift in Sources */ = {isa = PBXBuildFile; fileRef = C02985842C24EDDC0067EB21 /* SearchResultViewModel.swift */; };
		C02985902C24EE070067EB21 /* Bool+Extensions.swift in Sources */ = {isa = PBXBuildFile; fileRef = C029858F2C24EE070067EB21 /* Bool+Extensions.swift */; };
		C02985922C24EE900067EB21 /* MLLabel.swift in Sources */ = {isa = PBXBuildFile; fileRef = C02985912C24EE900067EB21 /* MLLabel.swift */; };
		C02985942C24EE970067EB21 /* MLSpinningCircleView.swift in Sources */ = {isa = PBXBuildFile; fileRef = C02985932C24EE970067EB21 /* MLSpinningCircleView.swift */; };
		C02985962C24EE9F0067EB21 /* MLBadge.swift in Sources */ = {isa = PBXBuildFile; fileRef = C02985952C24EE9F0067EB21 /* MLBadge.swift */; };
		C02985982C24EED70067EB21 /* String+Extensions.swift in Sources */ = {isa = PBXBuildFile; fileRef = C02985972C24EED70067EB21 /* String+Extensions.swift */; };
		C029859A2C24EEF50067EB21 /* UILabel+Extensions.swift in Sources */ = {isa = PBXBuildFile; fileRef = C02985992C24EEF50067EB21 /* UILabel+Extensions.swift */; };
		C029859C2C24EF130067EB21 /* UIImageView+Extension.swift in Sources */ = {isa = PBXBuildFile; fileRef = C029859B2C24EF130067EB21 /* UIImageView+Extension.swift */; };
		C02985A02C24F52A0067EB21 /* SearchViewModelTests.swift in Sources */ = {isa = PBXBuildFile; fileRef = C029859E2C24F52A0067EB21 /* SearchViewModelTests.swift */; };
		C03A979C2C1F5ED600766A9F /* AppDelegate.swift in Sources */ = {isa = PBXBuildFile; fileRef = C03A979B2C1F5ED600766A9F /* AppDelegate.swift */; };
		C03A979E2C1F5ED600766A9F /* SceneDelegate.swift in Sources */ = {isa = PBXBuildFile; fileRef = C03A979D2C1F5ED600766A9F /* SceneDelegate.swift */; };
		C03A97A02C1F5ED600766A9F /* SearchViewController.swift in Sources */ = {isa = PBXBuildFile; fileRef = C03A979F2C1F5ED600766A9F /* SearchViewController.swift */; };
		C03A97A52C1F5ED700766A9F /* Assets.xcassets in Resources */ = {isa = PBXBuildFile; fileRef = C03A97A42C1F5ED700766A9F /* Assets.xcassets */; };
		C03A97A82C1F5ED700766A9F /* Base in Resources */ = {isa = PBXBuildFile; fileRef = C03A97A72C1F5ED700766A9F /* Base */; };
		C03A97BD2C1F5ED700766A9F /* MeliChallengeUITests.swift in Sources */ = {isa = PBXBuildFile; fileRef = C03A97BC2C1F5ED700766A9F /* MeliChallengeUITests.swift */; };
		C03A97BF2C1F5ED700766A9F /* MeliChallengeUITestsLaunchTests.swift in Sources */ = {isa = PBXBuildFile; fileRef = C03A97BE2C1F5ED700766A9F /* MeliChallengeUITestsLaunchTests.swift */; };
		C03A97E42C1F847E00766A9F /* CordinatedProtocol.swift in Sources */ = {isa = PBXBuildFile; fileRef = C03A97E32C1F847E00766A9F /* CordinatedProtocol.swift */; };
		C03A97E62C1F84CF00766A9F /* CoordinatorConfiguration.swift in Sources */ = {isa = PBXBuildFile; fileRef = C03A97E52C1F84CF00766A9F /* CoordinatorConfiguration.swift */; };
		C03A97E82C1F850F00766A9F /* Coordinator.swift in Sources */ = {isa = PBXBuildFile; fileRef = C03A97E72C1F850F00766A9F /* Coordinator.swift */; };
		C03A97EA2C1F853800766A9F /* BaseCoordinator.swift in Sources */ = {isa = PBXBuildFile; fileRef = C03A97E92C1F853700766A9F /* BaseCoordinator.swift */; };
		C03A97ED2C1F8A9400766A9F /* CascadeOperator.swift in Sources */ = {isa = PBXBuildFile; fileRef = C03A97EC2C1F8A9400766A9F /* CascadeOperator.swift */; };
		C03A97EF2C1F8BDE00766A9F /* SearchCoordinator.swift in Sources */ = {isa = PBXBuildFile; fileRef = C03A97EE2C1F8BDE00766A9F /* SearchCoordinator.swift */; };
		C03A97F12C1F8C2B00766A9F /* SearchViewModel.swift in Sources */ = {isa = PBXBuildFile; fileRef = C03A97F02C1F8C2B00766A9F /* SearchViewModel.swift */; };
		C03A97F32C1F953100766A9F /* ViewCodeContract.swift in Sources */ = {isa = PBXBuildFile; fileRef = C03A97F22C1F953100766A9F /* ViewCodeContract.swift */; };
		C03A97F62C1F97A900766A9F /* Padding.swift in Sources */ = {isa = PBXBuildFile; fileRef = C03A97F52C1F97A900766A9F /* Padding.swift */; };
		C03A97F82C1F97F500766A9F /* NSLayoutDimension.swift in Sources */ = {isa = PBXBuildFile; fileRef = C03A97F72C1F97F500766A9F /* NSLayoutDimension.swift */; };
		C03A97FA2C1F983300766A9F /* AutoLayoutOption.swift in Sources */ = {isa = PBXBuildFile; fileRef = C03A97F92C1F983300766A9F /* AutoLayoutOption.swift */; };
		C03A97FC2C1F986A00766A9F /* UIView+AxisAttribute.swift in Sources */ = {isa = PBXBuildFile; fileRef = C03A97FB2C1F986A00766A9F /* UIView+AxisAttribute.swift */; };
		C03A97FE2C1F995D00766A9F /* UIView+SafeAreaAnchors.swift in Sources */ = {isa = PBXBuildFile; fileRef = C03A97FD2C1F995D00766A9F /* UIView+SafeAreaAnchors.swift */; };
		C03A98002C1F999900766A9F /* UIView+RawAnchors.swift in Sources */ = {isa = PBXBuildFile; fileRef = C03A97FF2C1F999900766A9F /* UIView+RawAnchors.swift */; };
		C03A98022C1F99D700766A9F /* UIView+LayoutGuides.swift in Sources */ = {isa = PBXBuildFile; fileRef = C03A98012C1F99D700766A9F /* UIView+LayoutGuides.swift */; };
		C03A98042C1F9A0A00766A9F /* ActionTypealias.swift in Sources */ = {isa = PBXBuildFile; fileRef = C03A98032C1F9A0A00766A9F /* ActionTypealias.swift */; };
		C03A98062C1FA0C200766A9F /* SearchView.swift in Sources */ = {isa = PBXBuildFile; fileRef = C03A98052C1FA0C200766A9F /* SearchView.swift */; };
		C03A98092C1FC97000766A9F /* MLView.swift in Sources */ = {isa = PBXBuildFile; fileRef = C03A98082C1FC97000766A9F /* MLView.swift */; };
		C03A980B2C1FDD2600766A9F /* Weakify.swift in Sources */ = {isa = PBXBuildFile; fileRef = C03A980A2C1FDD2600766A9F /* Weakify.swift */; };
		C092B68C2C20DD9400FF40B3 /* UIView+Extensions.swift in Sources */ = {isa = PBXBuildFile; fileRef = C092B68B2C20DD9400FF40B3 /* UIView+Extensions.swift */; };
		C092B68E2C20DDE900FF40B3 /* MLSearchTextField.swift in Sources */ = {isa = PBXBuildFile; fileRef = C092B68D2C20DDE900FF40B3 /* MLSearchTextField.swift */; };
/* End PBXBuildFile section */

/* Begin PBXContainerItemProxy section */
		C03A97AF2C1F5ED700766A9F /* PBXContainerItemProxy */ = {
			isa = PBXContainerItemProxy;
			containerPortal = C03A97902C1F5ED600766A9F /* Project object */;
			proxyType = 1;
			remoteGlobalIDString = C03A97972C1F5ED600766A9F;
			remoteInfo = MeliChallenge;
		};
		C03A97B92C1F5ED700766A9F /* PBXContainerItemProxy */ = {
			isa = PBXContainerItemProxy;
			containerPortal = C03A97902C1F5ED600766A9F /* Project object */;
			proxyType = 1;
			remoteGlobalIDString = C03A97972C1F5ED600766A9F;
			remoteInfo = MeliChallenge;
		};
/* End PBXContainerItemProxy section */

/* Begin PBXFileReference section */
		C02985722C24EDCC0067EB21 /* ApiClient.swift */ = {isa = PBXFileReference; fileEncoding = 4; lastKnownFileType = sourcecode.swift; path = ApiClient.swift; sourceTree = "<group>"; };
		C02985732C24EDCC0067EB21 /* Endpoint.swift */ = {isa = PBXFileReference; fileEncoding = 4; lastKnownFileType = sourcecode.swift; path = Endpoint.swift; sourceTree = "<group>"; };
		C02985742C24EDCC0067EB21 /* Endpoints.swift */ = {isa = PBXFileReference; fileEncoding = 4; lastKnownFileType = sourcecode.swift; path = Endpoints.swift; sourceTree = "<group>"; };
		C02985792C24EDDC0067EB21 /* SearchResultCoordinator.swift */ = {isa = PBXFileReference; fileEncoding = 4; lastKnownFileType = sourcecode.swift; path = SearchResultCoordinator.swift; sourceTree = "<group>"; };
		C029857B2C24EDDC0067EB21 /* ProductQueryRequest.swift */ = {isa = PBXFileReference; fileEncoding = 4; lastKnownFileType = sourcecode.swift; path = ProductQueryRequest.swift; sourceTree = "<group>"; };
		C029857C2C24EDDC0067EB21 /* ProductResponse.swift */ = {isa = PBXFileReference; fileEncoding = 4; lastKnownFileType = sourcecode.swift; path = ProductResponse.swift; sourceTree = "<group>"; };
		C029857E2C24EDDC0067EB21 /* SearchService.swift */ = {isa = PBXFileReference; fileEncoding = 4; lastKnownFileType = sourcecode.swift; path = SearchService.swift; sourceTree = "<group>"; };
		C02985802C24EDDC0067EB21 /* SearchResultController.swift */ = {isa = PBXFileReference; fileEncoding = 4; lastKnownFileType = sourcecode.swift; path = SearchResultController.swift; sourceTree = "<group>"; };
		C02985812C24EDDC0067EB21 /* SearchResultView.swift */ = {isa = PBXFileReference; fileEncoding = 4; lastKnownFileType = sourcecode.swift; path = SearchResultView.swift; sourceTree = "<group>"; };
		C02985822C24EDDC0067EB21 /* SearchResultViewCell.swift */ = {isa = PBXFileReference; fileEncoding = 4; lastKnownFileType = sourcecode.swift; path = SearchResultViewCell.swift; sourceTree = "<group>"; };
		C02985842C24EDDC0067EB21 /* SearchResultViewModel.swift */ = {isa = PBXFileReference; fileEncoding = 4; lastKnownFileType = sourcecode.swift; path = SearchResultViewModel.swift; sourceTree = "<group>"; };
		C029858F2C24EE070067EB21 /* Bool+Extensions.swift */ = {isa = PBXFileReference; fileEncoding = 4; lastKnownFileType = sourcecode.swift; path = "Bool+Extensions.swift"; sourceTree = "<group>"; };
		C02985912C24EE900067EB21 /* MLLabel.swift */ = {isa = PBXFileReference; fileEncoding = 4; lastKnownFileType = sourcecode.swift; path = MLLabel.swift; sourceTree = "<group>"; };
		C02985932C24EE970067EB21 /* MLSpinningCircleView.swift */ = {isa = PBXFileReference; fileEncoding = 4; lastKnownFileType = sourcecode.swift; path = MLSpinningCircleView.swift; sourceTree = "<group>"; };
		C02985952C24EE9F0067EB21 /* MLBadge.swift */ = {isa = PBXFileReference; fileEncoding = 4; lastKnownFileType = sourcecode.swift; path = MLBadge.swift; sourceTree = "<group>"; };
		C02985972C24EED70067EB21 /* String+Extensions.swift */ = {isa = PBXFileReference; fileEncoding = 4; lastKnownFileType = sourcecode.swift; path = "String+Extensions.swift"; sourceTree = "<group>"; };
		C02985992C24EEF50067EB21 /* UILabel+Extensions.swift */ = {isa = PBXFileReference; fileEncoding = 4; lastKnownFileType = sourcecode.swift; path = "UILabel+Extensions.swift"; sourceTree = "<group>"; };
		C029859B2C24EF130067EB21 /* UIImageView+Extension.swift */ = {isa = PBXFileReference; fileEncoding = 4; lastKnownFileType = sourcecode.swift; path = "UIImageView+Extension.swift"; sourceTree = "<group>"; };
		C029859E2C24F52A0067EB21 /* SearchViewModelTests.swift */ = {isa = PBXFileReference; fileEncoding = 4; lastKnownFileType = sourcecode.swift; path = SearchViewModelTests.swift; sourceTree = "<group>"; };
		C03A97982C1F5ED600766A9F /* MeliChallenge.app */ = {isa = PBXFileReference; explicitFileType = wrapper.application; includeInIndex = 0; path = MeliChallenge.app; sourceTree = BUILT_PRODUCTS_DIR; };
		C03A979B2C1F5ED600766A9F /* AppDelegate.swift */ = {isa = PBXFileReference; lastKnownFileType = sourcecode.swift; path = AppDelegate.swift; sourceTree = "<group>"; };
		C03A979D2C1F5ED600766A9F /* SceneDelegate.swift */ = {isa = PBXFileReference; lastKnownFileType = sourcecode.swift; path = SceneDelegate.swift; sourceTree = "<group>"; };
		C03A979F2C1F5ED600766A9F /* SearchViewController.swift */ = {isa = PBXFileReference; lastKnownFileType = sourcecode.swift; path = SearchViewController.swift; sourceTree = "<group>"; };
		C03A97A42C1F5ED700766A9F /* Assets.xcassets */ = {isa = PBXFileReference; lastKnownFileType = folder.assetcatalog; path = Assets.xcassets; sourceTree = "<group>"; };
		C03A97A72C1F5ED700766A9F /* Base */ = {isa = PBXFileReference; lastKnownFileType = file.storyboard; name = Base; path = Base.lproj/LaunchScreen.storyboard; sourceTree = "<group>"; };
		C03A97AE2C1F5ED700766A9F /* MeliChallengeTests.xctest */ = {isa = PBXFileReference; explicitFileType = wrapper.cfbundle; includeInIndex = 0; path = MeliChallengeTests.xctest; sourceTree = BUILT_PRODUCTS_DIR; };
		C03A97B82C1F5ED700766A9F /* MeliChallengeUITests.xctest */ = {isa = PBXFileReference; explicitFileType = wrapper.cfbundle; includeInIndex = 0; path = MeliChallengeUITests.xctest; sourceTree = BUILT_PRODUCTS_DIR; };
		C03A97BC2C1F5ED700766A9F /* MeliChallengeUITests.swift */ = {isa = PBXFileReference; lastKnownFileType = sourcecode.swift; path = MeliChallengeUITests.swift; sourceTree = "<group>"; };
		C03A97BE2C1F5ED700766A9F /* MeliChallengeUITestsLaunchTests.swift */ = {isa = PBXFileReference; lastKnownFileType = sourcecode.swift; path = MeliChallengeUITestsLaunchTests.swift; sourceTree = "<group>"; };
		C03A97D82C1F64D900766A9F /* Info.plist */ = {isa = PBXFileReference; fileEncoding = 4; lastKnownFileType = text.plist.xml; path = Info.plist; sourceTree = "<group>"; };
		C03A97E32C1F847E00766A9F /* CordinatedProtocol.swift */ = {isa = PBXFileReference; lastKnownFileType = sourcecode.swift; path = CordinatedProtocol.swift; sourceTree = "<group>"; };
		C03A97E52C1F84CF00766A9F /* CoordinatorConfiguration.swift */ = {isa = PBXFileReference; lastKnownFileType = sourcecode.swift; path = CoordinatorConfiguration.swift; sourceTree = "<group>"; };
		C03A97E72C1F850F00766A9F /* Coordinator.swift */ = {isa = PBXFileReference; lastKnownFileType = sourcecode.swift; path = Coordinator.swift; sourceTree = "<group>"; };
		C03A97E92C1F853700766A9F /* BaseCoordinator.swift */ = {isa = PBXFileReference; lastKnownFileType = sourcecode.swift; path = BaseCoordinator.swift; sourceTree = "<group>"; };
		C03A97EC2C1F8A9400766A9F /* CascadeOperator.swift */ = {isa = PBXFileReference; lastKnownFileType = sourcecode.swift; path = CascadeOperator.swift; sourceTree = "<group>"; };
		C03A97EE2C1F8BDE00766A9F /* SearchCoordinator.swift */ = {isa = PBXFileReference; lastKnownFileType = sourcecode.swift; path = SearchCoordinator.swift; sourceTree = "<group>"; };
		C03A97F02C1F8C2B00766A9F /* SearchViewModel.swift */ = {isa = PBXFileReference; lastKnownFileType = sourcecode.swift; path = SearchViewModel.swift; sourceTree = "<group>"; };
		C03A97F22C1F953100766A9F /* ViewCodeContract.swift */ = {isa = PBXFileReference; lastKnownFileType = sourcecode.swift; path = ViewCodeContract.swift; sourceTree = "<group>"; };
		C03A97F52C1F97A900766A9F /* Padding.swift */ = {isa = PBXFileReference; lastKnownFileType = sourcecode.swift; path = Padding.swift; sourceTree = "<group>"; };
		C03A97F72C1F97F500766A9F /* NSLayoutDimension.swift */ = {isa = PBXFileReference; lastKnownFileType = sourcecode.swift; path = NSLayoutDimension.swift; sourceTree = "<group>"; };
		C03A97F92C1F983300766A9F /* AutoLayoutOption.swift */ = {isa = PBXFileReference; lastKnownFileType = sourcecode.swift; path = AutoLayoutOption.swift; sourceTree = "<group>"; };
		C03A97FB2C1F986A00766A9F /* UIView+AxisAttribute.swift */ = {isa = PBXFileReference; lastKnownFileType = sourcecode.swift; path = "UIView+AxisAttribute.swift"; sourceTree = "<group>"; };
		C03A97FD2C1F995D00766A9F /* UIView+SafeAreaAnchors.swift */ = {isa = PBXFileReference; lastKnownFileType = sourcecode.swift; path = "UIView+SafeAreaAnchors.swift"; sourceTree = "<group>"; };
		C03A97FF2C1F999900766A9F /* UIView+RawAnchors.swift */ = {isa = PBXFileReference; lastKnownFileType = sourcecode.swift; path = "UIView+RawAnchors.swift"; sourceTree = "<group>"; };
		C03A98012C1F99D700766A9F /* UIView+LayoutGuides.swift */ = {isa = PBXFileReference; lastKnownFileType = sourcecode.swift; path = "UIView+LayoutGuides.swift"; sourceTree = "<group>"; };
		C03A98032C1F9A0A00766A9F /* ActionTypealias.swift */ = {isa = PBXFileReference; lastKnownFileType = sourcecode.swift; path = ActionTypealias.swift; sourceTree = "<group>"; };
		C03A98052C1FA0C200766A9F /* SearchView.swift */ = {isa = PBXFileReference; lastKnownFileType = sourcecode.swift; path = SearchView.swift; sourceTree = "<group>"; };
		C03A98082C1FC97000766A9F /* MLView.swift */ = {isa = PBXFileReference; lastKnownFileType = sourcecode.swift; path = MLView.swift; sourceTree = "<group>"; };
		C03A980A2C1FDD2600766A9F /* Weakify.swift */ = {isa = PBXFileReference; lastKnownFileType = sourcecode.swift; path = Weakify.swift; sourceTree = "<group>"; };
		C092B68B2C20DD9400FF40B3 /* UIView+Extensions.swift */ = {isa = PBXFileReference; lastKnownFileType = sourcecode.swift; path = "UIView+Extensions.swift"; sourceTree = "<group>"; };
		C092B68D2C20DDE900FF40B3 /* MLSearchTextField.swift */ = {isa = PBXFileReference; lastKnownFileType = sourcecode.swift; path = MLSearchTextField.swift; sourceTree = "<group>"; };
/* End PBXFileReference section */

/* Begin PBXFrameworksBuildPhase section */
		C03A97952C1F5ED600766A9F /* Frameworks */ = {
			isa = PBXFrameworksBuildPhase;
			buildActionMask = 2147483647;
			files = (
			);
			runOnlyForDeploymentPostprocessing = 0;
		};
		C03A97AB2C1F5ED700766A9F /* Frameworks */ = {
			isa = PBXFrameworksBuildPhase;
			buildActionMask = 2147483647;
			files = (
			);
			runOnlyForDeploymentPostprocessing = 0;
		};
		C03A97B52C1F5ED700766A9F /* Frameworks */ = {
			isa = PBXFrameworksBuildPhase;
			buildActionMask = 2147483647;
			files = (
			);
			runOnlyForDeploymentPostprocessing = 0;
		};
/* End PBXFrameworksBuildPhase section */

/* Begin PBXGroup section */
		C02985752C24EDCC0067EB21 /* Domain */ = {
			isa = PBXGroup;
			children = (
				C02985722C24EDCC0067EB21 /* ApiClient.swift */,
				C02985732C24EDCC0067EB21 /* Endpoint.swift */,
				C02985742C24EDCC0067EB21 /* Endpoints.swift */,
			);
			path = Domain;
			sourceTree = "<group>";
		};
		C029857A2C24EDDC0067EB21 /* Coordinator */ = {
			isa = PBXGroup;
			children = (
				C02985792C24EDDC0067EB21 /* SearchResultCoordinator.swift */,
			);
			path = Coordinator;
			sourceTree = "<group>";
		};
		C029857D2C24EDDC0067EB21 /* Model */ = {
			isa = PBXGroup;
			children = (
				C029857B2C24EDDC0067EB21 /* ProductQueryRequest.swift */,
				C029857C2C24EDDC0067EB21 /* ProductResponse.swift */,
			);
			path = Model;
			sourceTree = "<group>";
		};
		C029857F2C24EDDC0067EB21 /* Service */ = {
			isa = PBXGroup;
			children = (
				C029857E2C24EDDC0067EB21 /* SearchService.swift */,
			);
			path = Service;
			sourceTree = "<group>";
		};
		C02985832C24EDDC0067EB21 /* View */ = {
			isa = PBXGroup;
			children = (
				C02985802C24EDDC0067EB21 /* SearchResultController.swift */,
				C02985812C24EDDC0067EB21 /* SearchResultView.swift */,
				C02985822C24EDDC0067EB21 /* SearchResultViewCell.swift */,
			);
			path = View;
			sourceTree = "<group>";
		};
		C02985852C24EDDC0067EB21 /* ViewModel */ = {
			isa = PBXGroup;
			children = (
				C02985842C24EDDC0067EB21 /* SearchResultViewModel.swift */,
			);
			path = ViewModel;
			sourceTree = "<group>";
		};
		C02985862C24EDDC0067EB21 /* SearchResult */ = {
			isa = PBXGroup;
			children = (
				C029857A2C24EDDC0067EB21 /* Coordinator */,
				C029857D2C24EDDC0067EB21 /* Model */,
				C029857F2C24EDDC0067EB21 /* Service */,
				C02985832C24EDDC0067EB21 /* View */,
				C02985852C24EDDC0067EB21 /* ViewModel */,
			);
			path = SearchResult;
			sourceTree = "<group>";
		};
		C029859D2C24F4F30067EB21 /* Extensions */ = {
			isa = PBXGroup;
			children = (
				C029859B2C24EF130067EB21 /* UIImageView+Extension.swift */,
				C02985992C24EEF50067EB21 /* UILabel+Extensions.swift */,
				C02985972C24EED70067EB21 /* String+Extensions.swift */,
				C029858F2C24EE070067EB21 /* Bool+Extensions.swift */,
				C092B68B2C20DD9400FF40B3 /* UIView+Extensions.swift */,
			);
			path = Extensions;
			sourceTree = "<group>";
		};
		C029859F2C24F52A0067EB21 /* Search */ = {
			isa = PBXGroup;
			children = (
				C029859E2C24F52A0067EB21 /* SearchViewModelTests.swift */,
			);
			path = Search;
			sourceTree = "<group>";
		};
		C03A978F2C1F5ED600766A9F = {
			isa = PBXGroup;
			children = (
				C03A979A2C1F5ED600766A9F /* MeliChallenge */,
				C03A97B12C1F5ED700766A9F /* MeliChallengeTests */,
				C03A97BB2C1F5ED700766A9F /* MeliChallengeUITests */,
				C03A97992C1F5ED600766A9F /* Products */,
			);
			sourceTree = "<group>";
		};
		C03A97992C1F5ED600766A9F /* Products */ = {
			isa = PBXGroup;
			children = (
				C03A97982C1F5ED600766A9F /* MeliChallenge.app */,
				C03A97AE2C1F5ED700766A9F /* MeliChallengeTests.xctest */,
				C03A97B82C1F5ED700766A9F /* MeliChallengeUITests.xctest */,
			);
			name = Products;
			sourceTree = "<group>";
		};
		C03A979A2C1F5ED600766A9F /* MeliChallenge */ = {
			isa = PBXGroup;
			children = (
				C03A97D72C1F645F00766A9F /* Resource */,
				C03A97D62C1F644800766A9F /* Source */,
			);
			path = MeliChallenge;
			sourceTree = "<group>";
		};
		C03A97B12C1F5ED700766A9F /* MeliChallengeTests */ = {
			isa = PBXGroup;
			children = (
				C029859F2C24F52A0067EB21 /* Search */,
			);
			path = MeliChallengeTests;
			sourceTree = "<group>";
		};
		C03A97BB2C1F5ED700766A9F /* MeliChallengeUITests */ = {
			isa = PBXGroup;
			children = (
				C03A97BC2C1F5ED700766A9F /* MeliChallengeUITests.swift */,
				C03A97BE2C1F5ED700766A9F /* MeliChallengeUITestsLaunchTests.swift */,
			);
			path = MeliChallengeUITests;
			sourceTree = "<group>";
		};
		C03A97D62C1F644800766A9F /* Source */ = {
			isa = PBXGroup;
			children = (
				C02985862C24EDDC0067EB21 /* SearchResult */,
				C02985752C24EDCC0067EB21 /* Domain */,
				C03A97DA2C1F675C00766A9F /* Search */,
				C03A98072C1FC95700766A9F /* Components */,
			);
			path = Source;
			sourceTree = "<group>";
		};
		C03A97D72C1F645F00766A9F /* Resource */ = {
			isa = PBXGroup;
			children = (
				C03A97EB2C1F8A2D00766A9F /* Application */,
				C03A97E22C1F845700766A9F /* Coordinator */,
				C03A97DF2C1F814300766A9F /* Helpers */,
				C03A97D82C1F64D900766A9F /* Info.plist */,
			);
			path = Resource;
			sourceTree = "<group>";
		};
		C03A97DA2C1F675C00766A9F /* Search */ = {
			isa = PBXGroup;
			children = (
				C03A979F2C1F5ED600766A9F /* SearchViewController.swift */,
				C03A97EE2C1F8BDE00766A9F /* SearchCoordinator.swift */,
				C03A97F02C1F8C2B00766A9F /* SearchViewModel.swift */,
				C03A98052C1FA0C200766A9F /* SearchView.swift */,
			);
			path = Search;
			sourceTree = "<group>";
		};
		C03A97DF2C1F814300766A9F /* Helpers */ = {
			isa = PBXGroup;
			children = (
				C029859D2C24F4F30067EB21 /* Extensions */,
				C03A97F42C1F978400766A9F /* ViewCode */,
				C03A97EC2C1F8A9400766A9F /* CascadeOperator.swift */,
				C03A97F22C1F953100766A9F /* ViewCodeContract.swift */,
				C03A98032C1F9A0A00766A9F /* ActionTypealias.swift */,
				C03A980A2C1FDD2600766A9F /* Weakify.swift */,
			);
			path = Helpers;
			sourceTree = "<group>";
		};
		C03A97E22C1F845700766A9F /* Coordinator */ = {
			isa = PBXGroup;
			children = (
				C03A97E32C1F847E00766A9F /* CordinatedProtocol.swift */,
				C03A97E52C1F84CF00766A9F /* CoordinatorConfiguration.swift */,
				C03A97E72C1F850F00766A9F /* Coordinator.swift */,
				C03A97E92C1F853700766A9F /* BaseCoordinator.swift */,
			);
			path = Coordinator;
			sourceTree = "<group>";
		};
		C03A97EB2C1F8A2D00766A9F /* Application */ = {
			isa = PBXGroup;
			children = (
				C03A97A62C1F5ED700766A9F /* LaunchScreen.storyboard */,
				C03A97A42C1F5ED700766A9F /* Assets.xcassets */,
				C03A979D2C1F5ED600766A9F /* SceneDelegate.swift */,
				C03A979B2C1F5ED600766A9F /* AppDelegate.swift */,
			);
			path = Application;
			sourceTree = "<group>";
		};
		C03A97F42C1F978400766A9F /* ViewCode */ = {
			isa = PBXGroup;
			children = (
				C03A97F52C1F97A900766A9F /* Padding.swift */,
				C03A97F72C1F97F500766A9F /* NSLayoutDimension.swift */,
				C03A97F92C1F983300766A9F /* AutoLayoutOption.swift */,
				C03A97FB2C1F986A00766A9F /* UIView+AxisAttribute.swift */,
				C03A97FD2C1F995D00766A9F /* UIView+SafeAreaAnchors.swift */,
				C03A97FF2C1F999900766A9F /* UIView+RawAnchors.swift */,
				C03A98012C1F99D700766A9F /* UIView+LayoutGuides.swift */,
			);
			path = ViewCode;
			sourceTree = "<group>";
		};
		C03A98072C1FC95700766A9F /* Components */ = {
			isa = PBXGroup;
			children = (
				C03A98082C1FC97000766A9F /* MLView.swift */,
				C092B68D2C20DDE900FF40B3 /* MLSearchTextField.swift */,
				C02985912C24EE900067EB21 /* MLLabel.swift */,
				C02985932C24EE970067EB21 /* MLSpinningCircleView.swift */,
				C02985952C24EE9F0067EB21 /* MLBadge.swift */,
			);
			path = Components;
			sourceTree = "<group>";
		};
/* End PBXGroup section */

/* Begin PBXNativeTarget section */
		C03A97972C1F5ED600766A9F /* MeliChallenge */ = {
			isa = PBXNativeTarget;
			buildConfigurationList = C03A97C22C1F5ED700766A9F /* Build configuration list for PBXNativeTarget "MeliChallenge" */;
			buildPhases = (
				C03A97942C1F5ED600766A9F /* Sources */,
				C03A97952C1F5ED600766A9F /* Frameworks */,
				C03A97962C1F5ED600766A9F /* Resources */,
			);
			buildRules = (
			);
			dependencies = (
			);
			name = MeliChallenge;
			productName = MeliChallenge;
			productReference = C03A97982C1F5ED600766A9F /* MeliChallenge.app */;
			productType = "com.apple.product-type.application";
		};
		C03A97AD2C1F5ED700766A9F /* MeliChallengeTests */ = {
			isa = PBXNativeTarget;
			buildConfigurationList = C03A97C52C1F5ED700766A9F /* Build configuration list for PBXNativeTarget "MeliChallengeTests" */;
			buildPhases = (
				C03A97AA2C1F5ED700766A9F /* Sources */,
				C03A97AB2C1F5ED700766A9F /* Frameworks */,
				C03A97AC2C1F5ED700766A9F /* Resources */,
			);
			buildRules = (
			);
			dependencies = (
				C03A97B02C1F5ED700766A9F /* PBXTargetDependency */,
			);
			name = MeliChallengeTests;
			productName = MeliChallengeTests;
			productReference = C03A97AE2C1F5ED700766A9F /* MeliChallengeTests.xctest */;
			productType = "com.apple.product-type.bundle.unit-test";
		};
		C03A97B72C1F5ED700766A9F /* MeliChallengeUITests */ = {
			isa = PBXNativeTarget;
			buildConfigurationList = C03A97C82C1F5ED700766A9F /* Build configuration list for PBXNativeTarget "MeliChallengeUITests" */;
			buildPhases = (
				C03A97B42C1F5ED700766A9F /* Sources */,
				C03A97B52C1F5ED700766A9F /* Frameworks */,
				C03A97B62C1F5ED700766A9F /* Resources */,
			);
			buildRules = (
			);
			dependencies = (
				C03A97BA2C1F5ED700766A9F /* PBXTargetDependency */,
			);
			name = MeliChallengeUITests;
			productName = MeliChallengeUITests;
			productReference = C03A97B82C1F5ED700766A9F /* MeliChallengeUITests.xctest */;
			productType = "com.apple.product-type.bundle.ui-testing";
		};
/* End PBXNativeTarget section */

/* Begin PBXProject section */
		C03A97902C1F5ED600766A9F /* Project object */ = {
			isa = PBXProject;
			attributes = {
				BuildIndependentTargetsInParallel = 1;
				LastSwiftUpdateCheck = 1530;
				LastUpgradeCheck = 1530;
				TargetAttributes = {
					C03A97972C1F5ED600766A9F = {
						CreatedOnToolsVersion = 15.3;
					};
					C03A97AD2C1F5ED700766A9F = {
						CreatedOnToolsVersion = 15.3;
						TestTargetID = C03A97972C1F5ED600766A9F;
					};
					C03A97B72C1F5ED700766A9F = {
						CreatedOnToolsVersion = 15.3;
						TestTargetID = C03A97972C1F5ED600766A9F;
					};
				};
			};
			buildConfigurationList = C03A97932C1F5ED600766A9F /* Build configuration list for PBXProject "MeliChallenge" */;
			compatibilityVersion = "Xcode 14.0";
			developmentRegion = en;
			hasScannedForEncodings = 0;
			knownRegions = (
				en,
				Base,
			);
			mainGroup = C03A978F2C1F5ED600766A9F;
			productRefGroup = C03A97992C1F5ED600766A9F /* Products */;
			projectDirPath = "";
			projectRoot = "";
			targets = (
				C03A97972C1F5ED600766A9F /* MeliChallenge */,
				C03A97AD2C1F5ED700766A9F /* MeliChallengeTests */,
				C03A97B72C1F5ED700766A9F /* MeliChallengeUITests */,
			);
		};
/* End PBXProject section */

/* Begin PBXResourcesBuildPhase section */
		C03A97962C1F5ED600766A9F /* Resources */ = {
			isa = PBXResourcesBuildPhase;
			buildActionMask = 2147483647;
			files = (
				C03A97A52C1F5ED700766A9F /* Assets.xcassets in Resources */,
				C03A97A82C1F5ED700766A9F /* Base in Resources */,
			);
			runOnlyForDeploymentPostprocessing = 0;
		};
		C03A97AC2C1F5ED700766A9F /* Resources */ = {
			isa = PBXResourcesBuildPhase;
			buildActionMask = 2147483647;
			files = (
			);
			runOnlyForDeploymentPostprocessing = 0;
		};
		C03A97B62C1F5ED700766A9F /* Resources */ = {
			isa = PBXResourcesBuildPhase;
			buildActionMask = 2147483647;
			files = (
			);
			runOnlyForDeploymentPostprocessing = 0;
		};
/* End PBXResourcesBuildPhase section */

/* Begin PBXSourcesBuildPhase section */
		C03A97942C1F5ED600766A9F /* Sources */ = {
			isa = PBXSourcesBuildPhase;
			buildActionMask = 2147483647;
			files = (
				C029858C2C24EDDC0067EB21 /* SearchResultView.swift in Sources */,
				C03A97F12C1F8C2B00766A9F /* SearchViewModel.swift in Sources */,
				C03A97F82C1F97F500766A9F /* NSLayoutDimension.swift in Sources */,
				C03A98042C1F9A0A00766A9F /* ActionTypealias.swift in Sources */,
				C02985882C24EDDC0067EB21 /* ProductQueryRequest.swift in Sources */,
				C029858D2C24EDDC0067EB21 /* SearchResultViewCell.swift in Sources */,
				C02985962C24EE9F0067EB21 /* MLBadge.swift in Sources */,
				C03A97FC2C1F986A00766A9F /* UIView+AxisAttribute.swift in Sources */,
				C03A97FE2C1F995D00766A9F /* UIView+SafeAreaAnchors.swift in Sources */,
				C02985892C24EDDC0067EB21 /* ProductResponse.swift in Sources */,
				C03A97F32C1F953100766A9F /* ViewCodeContract.swift in Sources */,
				C092B68E2C20DDE900FF40B3 /* MLSearchTextField.swift in Sources */,
				C03A98022C1F99D700766A9F /* UIView+LayoutGuides.swift in Sources */,
				C03A97A02C1F5ED600766A9F /* SearchViewController.swift in Sources */,
				C02985762C24EDCC0067EB21 /* ApiClient.swift in Sources */,
				C03A97E42C1F847E00766A9F /* CordinatedProtocol.swift in Sources */,
				C03A98092C1FC97000766A9F /* MLView.swift in Sources */,
				C03A979C2C1F5ED600766A9F /* AppDelegate.swift in Sources */,
				C03A98062C1FA0C200766A9F /* SearchView.swift in Sources */,
				C092B68C2C20DD9400FF40B3 /* UIView+Extensions.swift in Sources */,
				C02985982C24EED70067EB21 /* String+Extensions.swift in Sources */,
				C02985922C24EE900067EB21 /* MLLabel.swift in Sources */,
				C03A97F62C1F97A900766A9F /* Padding.swift in Sources */,
				C02985872C24EDDC0067EB21 /* SearchResultCoordinator.swift in Sources */,
				C02985782C24EDCC0067EB21 /* Endpoints.swift in Sources */,
				C029859A2C24EEF50067EB21 /* UILabel+Extensions.swift in Sources */,
				C029858A2C24EDDC0067EB21 /* SearchService.swift in Sources */,
				C02985772C24EDCC0067EB21 /* Endpoint.swift in Sources */,
				C03A979E2C1F5ED600766A9F /* SceneDelegate.swift in Sources */,
				C029858B2C24EDDC0067EB21 /* SearchResultController.swift in Sources */,
				C029859C2C24EF130067EB21 /* UIImageView+Extension.swift in Sources */,
				C02985942C24EE970067EB21 /* MLSpinningCircleView.swift in Sources */,
				C03A97E62C1F84CF00766A9F /* CoordinatorConfiguration.swift in Sources */,
				C03A97EF2C1F8BDE00766A9F /* SearchCoordinator.swift in Sources */,
				C03A97FA2C1F983300766A9F /* AutoLayoutOption.swift in Sources */,
				C03A97ED2C1F8A9400766A9F /* CascadeOperator.swift in Sources */,
				C03A980B2C1FDD2600766A9F /* Weakify.swift in Sources */,
				C029858E2C24EDDC0067EB21 /* SearchResultViewModel.swift in Sources */,
				C03A97E82C1F850F00766A9F /* Coordinator.swift in Sources */,
				C03A98002C1F999900766A9F /* UIView+RawAnchors.swift in Sources */,
				C03A97EA2C1F853800766A9F /* BaseCoordinator.swift in Sources */,
				C02985902C24EE070067EB21 /* Bool+Extensions.swift in Sources */,
			);
			runOnlyForDeploymentPostprocessing = 0;
		};
		C03A97AA2C1F5ED700766A9F /* Sources */ = {
			isa = PBXSourcesBuildPhase;
			buildActionMask = 2147483647;
			files = (
				C02985A02C24F52A0067EB21 /* SearchViewModelTests.swift in Sources */,
			);
			runOnlyForDeploymentPostprocessing = 0;
		};
		C03A97B42C1F5ED700766A9F /* Sources */ = {
			isa = PBXSourcesBuildPhase;
			buildActionMask = 2147483647;
			files = (
				C03A97BD2C1F5ED700766A9F /* MeliChallengeUITests.swift in Sources */,
				C03A97BF2C1F5ED700766A9F /* MeliChallengeUITestsLaunchTests.swift in Sources */,
			);
			runOnlyForDeploymentPostprocessing = 0;
		};
/* End PBXSourcesBuildPhase section */

/* Begin PBXTargetDependency section */
		C03A97B02C1F5ED700766A9F /* PBXTargetDependency */ = {
			isa = PBXTargetDependency;
			target = C03A97972C1F5ED600766A9F /* MeliChallenge */;
			targetProxy = C03A97AF2C1F5ED700766A9F /* PBXContainerItemProxy */;
		};
		C03A97BA2C1F5ED700766A9F /* PBXTargetDependency */ = {
			isa = PBXTargetDependency;
			target = C03A97972C1F5ED600766A9F /* MeliChallenge */;
			targetProxy = C03A97B92C1F5ED700766A9F /* PBXContainerItemProxy */;
		};
/* End PBXTargetDependency section */

/* Begin PBXVariantGroup section */
		C03A97A62C1F5ED700766A9F /* LaunchScreen.storyboard */ = {
			isa = PBXVariantGroup;
			children = (
				C03A97A72C1F5ED700766A9F /* Base */,
			);
			name = LaunchScreen.storyboard;
			sourceTree = "<group>";
		};
/* End PBXVariantGroup section */

/* Begin XCBuildConfiguration section */
		C03A97C02C1F5ED700766A9F /* Debug */ = {
			isa = XCBuildConfiguration;
			buildSettings = {
				ALWAYS_SEARCH_USER_PATHS = NO;
				ASSETCATALOG_COMPILER_GENERATE_SWIFT_ASSET_SYMBOL_EXTENSIONS = YES;
				CLANG_ANALYZER_NONNULL = YES;
				CLANG_ANALYZER_NUMBER_OBJECT_CONVERSION = YES_AGGRESSIVE;
				CLANG_CXX_LANGUAGE_STANDARD = "gnu++20";
				CLANG_ENABLE_MODULES = YES;
				CLANG_ENABLE_OBJC_ARC = YES;
				CLANG_ENABLE_OBJC_WEAK = YES;
				CLANG_WARN_BLOCK_CAPTURE_AUTORELEASING = YES;
				CLANG_WARN_BOOL_CONVERSION = YES;
				CLANG_WARN_COMMA = YES;
				CLANG_WARN_CONSTANT_CONVERSION = YES;
				CLANG_WARN_DEPRECATED_OBJC_IMPLEMENTATIONS = YES;
				CLANG_WARN_DIRECT_OBJC_ISA_USAGE = YES_ERROR;
				CLANG_WARN_DOCUMENTATION_COMMENTS = YES;
				CLANG_WARN_EMPTY_BODY = YES;
				CLANG_WARN_ENUM_CONVERSION = YES;
				CLANG_WARN_INFINITE_RECURSION = YES;
				CLANG_WARN_INT_CONVERSION = YES;
				CLANG_WARN_NON_LITERAL_NULL_CONVERSION = YES;
				CLANG_WARN_OBJC_IMPLICIT_RETAIN_SELF = YES;
				CLANG_WARN_OBJC_LITERAL_CONVERSION = YES;
				CLANG_WARN_OBJC_ROOT_CLASS = YES_ERROR;
				CLANG_WARN_QUOTED_INCLUDE_IN_FRAMEWORK_HEADER = YES;
				CLANG_WARN_RANGE_LOOP_ANALYSIS = YES;
				CLANG_WARN_STRICT_PROTOTYPES = YES;
				CLANG_WARN_SUSPICIOUS_MOVE = YES;
				CLANG_WARN_UNGUARDED_AVAILABILITY = YES_AGGRESSIVE;
				CLANG_WARN_UNREACHABLE_CODE = YES;
				CLANG_WARN__DUPLICATE_METHOD_MATCH = YES;
				COPY_PHASE_STRIP = NO;
				DEBUG_INFORMATION_FORMAT = dwarf;
				ENABLE_STRICT_OBJC_MSGSEND = YES;
				ENABLE_TESTABILITY = YES;
				ENABLE_USER_SCRIPT_SANDBOXING = YES;
				GCC_C_LANGUAGE_STANDARD = gnu17;
				GCC_DYNAMIC_NO_PIC = NO;
				GCC_NO_COMMON_BLOCKS = YES;
				GCC_OPTIMIZATION_LEVEL = 0;
				GCC_PREPROCESSOR_DEFINITIONS = (
					"DEBUG=1",
					"$(inherited)",
				);
				GCC_WARN_64_TO_32_BIT_CONVERSION = YES;
				GCC_WARN_ABOUT_RETURN_TYPE = YES_ERROR;
				GCC_WARN_UNDECLARED_SELECTOR = YES;
				GCC_WARN_UNINITIALIZED_AUTOS = YES_AGGRESSIVE;
				GCC_WARN_UNUSED_FUNCTION = YES;
				GCC_WARN_UNUSED_VARIABLE = YES;
				IPHONEOS_DEPLOYMENT_TARGET = 16.4;
				LOCALIZATION_PREFERS_STRING_CATALOGS = YES;
				MTL_ENABLE_DEBUG_INFO = INCLUDE_SOURCE;
				MTL_FAST_MATH = YES;
				ONLY_ACTIVE_ARCH = YES;
				SDKROOT = iphoneos;
				SWIFT_ACTIVE_COMPILATION_CONDITIONS = "DEBUG $(inherited)";
				SWIFT_OPTIMIZATION_LEVEL = "-Onone";
			};
			name = Debug;
		};
		C03A97C12C1F5ED700766A9F /* Release */ = {
			isa = XCBuildConfiguration;
			buildSettings = {
				ALWAYS_SEARCH_USER_PATHS = NO;
				ASSETCATALOG_COMPILER_GENERATE_SWIFT_ASSET_SYMBOL_EXTENSIONS = YES;
				CLANG_ANALYZER_NONNULL = YES;
				CLANG_ANALYZER_NUMBER_OBJECT_CONVERSION = YES_AGGRESSIVE;
				CLANG_CXX_LANGUAGE_STANDARD = "gnu++20";
				CLANG_ENABLE_MODULES = YES;
				CLANG_ENABLE_OBJC_ARC = YES;
				CLANG_ENABLE_OBJC_WEAK = YES;
				CLANG_WARN_BLOCK_CAPTURE_AUTORELEASING = YES;
				CLANG_WARN_BOOL_CONVERSION = YES;
				CLANG_WARN_COMMA = YES;
				CLANG_WARN_CONSTANT_CONVERSION = YES;
				CLANG_WARN_DEPRECATED_OBJC_IMPLEMENTATIONS = YES;
				CLANG_WARN_DIRECT_OBJC_ISA_USAGE = YES_ERROR;
				CLANG_WARN_DOCUMENTATION_COMMENTS = YES;
				CLANG_WARN_EMPTY_BODY = YES;
				CLANG_WARN_ENUM_CONVERSION = YES;
				CLANG_WARN_INFINITE_RECURSION = YES;
				CLANG_WARN_INT_CONVERSION = YES;
				CLANG_WARN_NON_LITERAL_NULL_CONVERSION = YES;
				CLANG_WARN_OBJC_IMPLICIT_RETAIN_SELF = YES;
				CLANG_WARN_OBJC_LITERAL_CONVERSION = YES;
				CLANG_WARN_OBJC_ROOT_CLASS = YES_ERROR;
				CLANG_WARN_QUOTED_INCLUDE_IN_FRAMEWORK_HEADER = YES;
				CLANG_WARN_RANGE_LOOP_ANALYSIS = YES;
				CLANG_WARN_STRICT_PROTOTYPES = YES;
				CLANG_WARN_SUSPICIOUS_MOVE = YES;
				CLANG_WARN_UNGUARDED_AVAILABILITY = YES_AGGRESSIVE;
				CLANG_WARN_UNREACHABLE_CODE = YES;
				CLANG_WARN__DUPLICATE_METHOD_MATCH = YES;
				COPY_PHASE_STRIP = NO;
				DEBUG_INFORMATION_FORMAT = "dwarf-with-dsym";
				ENABLE_NS_ASSERTIONS = NO;
				ENABLE_STRICT_OBJC_MSGSEND = YES;
				ENABLE_USER_SCRIPT_SANDBOXING = YES;
				GCC_C_LANGUAGE_STANDARD = gnu17;
				GCC_NO_COMMON_BLOCKS = YES;
				GCC_WARN_64_TO_32_BIT_CONVERSION = YES;
				GCC_WARN_ABOUT_RETURN_TYPE = YES_ERROR;
				GCC_WARN_UNDECLARED_SELECTOR = YES;
				GCC_WARN_UNINITIALIZED_AUTOS = YES_AGGRESSIVE;
				GCC_WARN_UNUSED_FUNCTION = YES;
				GCC_WARN_UNUSED_VARIABLE = YES;
				IPHONEOS_DEPLOYMENT_TARGET = 16.4;
				LOCALIZATION_PREFERS_STRING_CATALOGS = YES;
				MTL_ENABLE_DEBUG_INFO = NO;
				MTL_FAST_MATH = YES;
				SDKROOT = iphoneos;
				SWIFT_COMPILATION_MODE = wholemodule;
				VALIDATE_PRODUCT = YES;
			};
			name = Release;
		};
		C03A97C32C1F5ED700766A9F /* Debug */ = {
			isa = XCBuildConfiguration;
			buildSettings = {
				ASSETCATALOG_COMPILER_APPICON_NAME = AppIcon;
				ASSETCATALOG_COMPILER_GLOBAL_ACCENT_COLOR_NAME = AccentColor;
				CODE_SIGN_STYLE = Automatic;
				CURRENT_PROJECT_VERSION = 1;
				DEVELOPMENT_TEAM = B26UWH9L8Q;
				GENERATE_INFOPLIST_FILE = YES;
				INFOPLIST_FILE = MeliChallenge/Resource/Info.plist;
				INFOPLIST_KEY_UIApplicationSupportsIndirectInputEvents = YES;
				INFOPLIST_KEY_UILaunchStoryboardName = LaunchScreen;
				INFOPLIST_KEY_UISupportedInterfaceOrientations_iPad = "UIInterfaceOrientationPortrait UIInterfaceOrientationPortraitUpsideDown UIInterfaceOrientationLandscapeLeft UIInterfaceOrientationLandscapeRight";
				INFOPLIST_KEY_UISupportedInterfaceOrientations_iPhone = "UIInterfaceOrientationPortrait UIInterfaceOrientationLandscapeLeft UIInterfaceOrientationLandscapeRight";
				IPHONEOS_DEPLOYMENT_TARGET = 16.0;
				LD_RUNPATH_SEARCH_PATHS = (
					"$(inherited)",
					"@executable_path/Frameworks",
				);
				MARKETING_VERSION = 1.0;
				PRODUCT_BUNDLE_IDENTIFIER = leojportes.MeliChallenge;
				PRODUCT_NAME = "$(TARGET_NAME)";
				SWIFT_EMIT_LOC_STRINGS = YES;
				SWIFT_VERSION = 5.0;
				TARGETED_DEVICE_FAMILY = "1,2";
			};
			name = Debug;
		};
		C03A97C42C1F5ED700766A9F /* Release */ = {
			isa = XCBuildConfiguration;
			buildSettings = {
				ASSETCATALOG_COMPILER_APPICON_NAME = AppIcon;
				ASSETCATALOG_COMPILER_GLOBAL_ACCENT_COLOR_NAME = AccentColor;
				CODE_SIGN_STYLE = Automatic;
				CURRENT_PROJECT_VERSION = 1;
				DEVELOPMENT_TEAM = B26UWH9L8Q;
				GENERATE_INFOPLIST_FILE = YES;
				INFOPLIST_FILE = MeliChallenge/Resource/Info.plist;
				INFOPLIST_KEY_UIApplicationSupportsIndirectInputEvents = YES;
				INFOPLIST_KEY_UILaunchStoryboardName = LaunchScreen;
				INFOPLIST_KEY_UISupportedInterfaceOrientations_iPad = "UIInterfaceOrientationPortrait UIInterfaceOrientationPortraitUpsideDown UIInterfaceOrientationLandscapeLeft UIInterfaceOrientationLandscapeRight";
				INFOPLIST_KEY_UISupportedInterfaceOrientations_iPhone = "UIInterfaceOrientationPortrait UIInterfaceOrientationLandscapeLeft UIInterfaceOrientationLandscapeRight";
				IPHONEOS_DEPLOYMENT_TARGET = 16.0;
				LD_RUNPATH_SEARCH_PATHS = (
					"$(inherited)",
					"@executable_path/Frameworks",
				);
				MARKETING_VERSION = 1.0;
				PRODUCT_BUNDLE_IDENTIFIER = leojportes.MeliChallenge;
				PRODUCT_NAME = "$(TARGET_NAME)";
				SWIFT_EMIT_LOC_STRINGS = YES;
				SWIFT_VERSION = 5.0;
				TARGETED_DEVICE_FAMILY = "1,2";
			};
			name = Release;
		};
		C03A97C62C1F5ED700766A9F /* Debug */ = {
			isa = XCBuildConfiguration;
			buildSettings = {
				ALWAYS_EMBED_SWIFT_STANDARD_LIBRARIES = YES;
				BUNDLE_LOADER = "$(TEST_HOST)";
				CODE_SIGN_STYLE = Automatic;
				CURRENT_PROJECT_VERSION = 1;
				DEVELOPMENT_TEAM = B26UWH9L8Q;
				GENERATE_INFOPLIST_FILE = YES;
				IPHONEOS_DEPLOYMENT_TARGET = 17.4;
				MARKETING_VERSION = 1.0;
				PRODUCT_BUNDLE_IDENTIFIER = leojportes.MeliChallengeTests;
				PRODUCT_NAME = "$(TARGET_NAME)";
				SWIFT_EMIT_LOC_STRINGS = NO;
				SWIFT_VERSION = 5.0;
				TARGETED_DEVICE_FAMILY = "1,2";
				TEST_HOST = "$(BUILT_PRODUCTS_DIR)/MeliChallenge.app/$(BUNDLE_EXECUTABLE_FOLDER_PATH)/MeliChallenge";
			};
			name = Debug;
		};
		C03A97C72C1F5ED700766A9F /* Release */ = {
			isa = XCBuildConfiguration;
			buildSettings = {
				ALWAYS_EMBED_SWIFT_STANDARD_LIBRARIES = YES;
				BUNDLE_LOADER = "$(TEST_HOST)";
				CODE_SIGN_STYLE = Automatic;
				CURRENT_PROJECT_VERSION = 1;
				DEVELOPMENT_TEAM = B26UWH9L8Q;
				GENERATE_INFOPLIST_FILE = YES;
				IPHONEOS_DEPLOYMENT_TARGET = 17.4;
				MARKETING_VERSION = 1.0;
				PRODUCT_BUNDLE_IDENTIFIER = leojportes.MeliChallengeTests;
				PRODUCT_NAME = "$(TARGET_NAME)";
				SWIFT_EMIT_LOC_STRINGS = NO;
				SWIFT_VERSION = 5.0;
				TARGETED_DEVICE_FAMILY = "1,2";
				TEST_HOST = "$(BUILT_PRODUCTS_DIR)/MeliChallenge.app/$(BUNDLE_EXECUTABLE_FOLDER_PATH)/MeliChallenge";
			};
			name = Release;
		};
		C03A97C92C1F5ED700766A9F /* Debug */ = {
			isa = XCBuildConfiguration;
			buildSettings = {
				ALWAYS_EMBED_SWIFT_STANDARD_LIBRARIES = YES;
				CODE_SIGN_STYLE = Automatic;
				CURRENT_PROJECT_VERSION = 1;
				DEVELOPMENT_TEAM = B26UWH9L8Q;
				GENERATE_INFOPLIST_FILE = YES;
				MARKETING_VERSION = 1.0;
				PRODUCT_BUNDLE_IDENTIFIER = leojportes.MeliChallengeUITests;
				PRODUCT_NAME = "$(TARGET_NAME)";
				SWIFT_EMIT_LOC_STRINGS = NO;
				SWIFT_VERSION = 5.0;
				TARGETED_DEVICE_FAMILY = "1,2";
				TEST_TARGET_NAME = MeliChallenge;
			};
			name = Debug;
		};
		C03A97CA2C1F5ED700766A9F /* Release */ = {
			isa = XCBuildConfiguration;
			buildSettings = {
				ALWAYS_EMBED_SWIFT_STANDARD_LIBRARIES = YES;
				CODE_SIGN_STYLE = Automatic;
				CURRENT_PROJECT_VERSION = 1;
				DEVELOPMENT_TEAM = B26UWH9L8Q;
				GENERATE_INFOPLIST_FILE = YES;
				MARKETING_VERSION = 1.0;
				PRODUCT_BUNDLE_IDENTIFIER = leojportes.MeliChallengeUITests;
				PRODUCT_NAME = "$(TARGET_NAME)";
				SWIFT_EMIT_LOC_STRINGS = NO;
				SWIFT_VERSION = 5.0;
				TARGETED_DEVICE_FAMILY = "1,2";
				TEST_TARGET_NAME = MeliChallenge;
			};
			name = Release;
		};
/* End XCBuildConfiguration section */

/* Begin XCConfigurationList section */
		C03A97932C1F5ED600766A9F /* Build configuration list for PBXProject "MeliChallenge" */ = {
			isa = XCConfigurationList;
			buildConfigurations = (
				C03A97C02C1F5ED700766A9F /* Debug */,
				C03A97C12C1F5ED700766A9F /* Release */,
			);
			defaultConfigurationIsVisible = 0;
			defaultConfigurationName = Release;
		};
		C03A97C22C1F5ED700766A9F /* Build configuration list for PBXNativeTarget "MeliChallenge" */ = {
			isa = XCConfigurationList;
			buildConfigurations = (
				C03A97C32C1F5ED700766A9F /* Debug */,
				C03A97C42C1F5ED700766A9F /* Release */,
			);
			defaultConfigurationIsVisible = 0;
			defaultConfigurationName = Release;
		};
		C03A97C52C1F5ED700766A9F /* Build configuration list for PBXNativeTarget "MeliChallengeTests" */ = {
			isa = XCConfigurationList;
			buildConfigurations = (
				C03A97C62C1F5ED700766A9F /* Debug */,
				C03A97C72C1F5ED700766A9F /* Release */,
			);
			defaultConfigurationIsVisible = 0;
			defaultConfigurationName = Release;
		};
		C03A97C82C1F5ED700766A9F /* Build configuration list for PBXNativeTarget "MeliChallengeUITests" */ = {
			isa = XCConfigurationList;
			buildConfigurations = (
				C03A97C92C1F5ED700766A9F /* Debug */,
				C03A97CA2C1F5ED700766A9F /* Release */,
			);
			defaultConfigurationIsVisible = 0;
			defaultConfigurationName = Release;
		};
/* End XCConfigurationList section */
	};
	rootObject = C03A97902C1F5ED600766A9F /* Project object */;
}
